
Microsoft Visual Studio Solution File, Format Version 12.00
# Visual Studio 15
VisualStudioVersion = 15.0.26730.16
MinimumVisualStudioVersion = 10.0.40219.1
Project("{2150E333-8FDC-42A3-9474-1A3956D46DE8}") = "Solution Items", "Solution Items", "{B173E5A7-9F29-4F8D-A9F8-355A69DD14EC}"
	ProjectSection(SolutionItems) = preProject
		.travis.yml = .travis.yml
		appveyor.yml = appveyor.yml
		CHANGELOG.md = CHANGELOG.md
		ISSUE_TEMPLATE.md = ISSUE_TEMPLATE.md
		README.md = README.md
	EndProjectSection
EndProject
Project("{2150E333-8FDC-42A3-9474-1A3956D46DE8}") = "src", "src", "{838231A4-B081-44B0-AC16-DC4C2FABAE86}"
EndProject
Project("{FAE04EC0-301F-11D3-BF4B-00C04F79EFBC}") = "Telegram.Bot4", "src\Telegram.Bot4\Telegram.Bot4.csproj", "{B1FC2457-869B-47BC-936E-A9E35CA70A99}"
EndProject
Global
	GlobalSection(SolutionConfigurationPlatforms) = preSolution
		Debug|Any CPU = Debug|Any CPU
		Release|Any CPU = Release|Any CPU
	EndGlobalSection
	GlobalSection(ProjectConfigurationPlatforms) = postSolution
		{B1FC2457-869B-47BC-936E-A9E35CA70A99}.Debug|Any CPU.ActiveCfg = Debug|Any CPU
		{B1FC2457-869B-47BC-936E-A9E35CA70A99}.Debug|Any CPU.Build.0 = Debug|Any CPU
		{B1FC2457-869B-47BC-936E-A9E35CA70A99}.Release|Any CPU.ActiveCfg = Release|Any CPU
		{B1FC2457-869B-47BC-936E-A9E35CA70A99}.Release|Any CPU.Build.0 = Release|Any CPU
	EndGlobalSection
	GlobalSection(SolutionProperties) = preSolution
		HideSolutionNode = FALSE
	EndGlobalSection
	GlobalSection(NestedProjects) = preSolution
		{B1FC2457-869B-47BC-936E-A9E35CA70A99} = {838231A4-B081-44B0-AC16-DC4C2FABAE86}
	EndGlobalSection
	GlobalSection(ExtensibilityGlobals) = postSolution
		SolutionGuid = {F6A9C4CA-DF26-4772-9119-627935D70E7C}
	EndGlobalSection
EndGlobal
